
Microsoft Visual Studio Solution File, Format Version 12.00
# Visual Studio 15
VisualStudioVersion = 15.0.28010.2036
MinimumVisualStudioVersion = 10.0.40219.1
Project("{FAE04EC0-301F-11D3-BF4B-00C04F79EFBC}") = "CodeWars", "CodeWars.csproj", "{CA5B818F-84F8-4D5C-9389-3E1539EDDD6E}"
EndProject
Project("{FAE04EC0-301F-11D3-BF4B-00C04F79EFBC}") = "CodeWarsTests", "..\CodeWarsTests\CodeWarsTests.csproj", "{AA845D14-5A02-4456-9057-883C819CB97E}"
EndProject
Global
	GlobalSection(SolutionConfigurationPlatforms) = preSolution
		Debug|Any CPU = Debug|Any CPU
		Release|Any CPU = Release|Any CPU
	EndGlobalSection
	GlobalSection(ProjectConfigurationPlatforms) = postSolution
		{CA5B818F-84F8-4D5C-9389-3E1539EDDD6E}.Debug|Any CPU.ActiveCfg = Debug|Any CPU
		{CA5B818F-84F8-4D5C-9389-3E1539EDDD6E}.Debug|Any CPU.Build.0 = Debug|Any CPU
		{CA5B818F-84F8-4D5C-9389-3E1539EDDD6E}.Release|Any CPU.ActiveCfg = Release|Any CPU
		{CA5B818F-84F8-4D5C-9389-3E1539EDDD6E}.Release|Any CPU.Build.0 = Release|Any CPU
		{AA845D14-5A02-4456-9057-883C819CB97E}.Debug|Any CPU.ActiveCfg = Debug|Any CPU
		{AA845D14-5A02-4456-9057-883C819CB97E}.Debug|Any CPU.Build.0 = Debug|Any CPU
		{AA845D14-5A02-4456-9057-883C819CB97E}.Release|Any CPU.ActiveCfg = Release|Any CPU
		{AA845D14-5A02-4456-9057-883C819CB97E}.Release|Any CPU.Build.0 = Release|Any CPU
	EndGlobalSection
	GlobalSection(SolutionProperties) = preSolution
		HideSolutionNode = FALSE
	EndGlobalSection
	GlobalSection(ExtensibilityGlobals) = postSolution
		SolutionGuid = {C54C246E-7286-4049-99A4-C14FFBDF20A6}
	EndGlobalSection
EndGlobal
